
Microsoft Visual Studio Solution File, Format Version 12.00
# Visual Studio 15
VisualStudioVersion = 15.0.28010.0
MinimumVisualStudioVersion = 10.0.40219.1
Project("{FAE04EC0-301F-11D3-BF4B-00C04F79EFBC}") = "ProdQuot", "ProdQuot\ProdQuot.csproj", "{67716687-EB93-4D2E-B2A8-80A6F2EFCEF1}"
EndProject
Global
	GlobalSection(SolutionConfigurationPlatforms) = preSolution
		Debug|Any CPU = Debug|Any CPU
		Release|Any CPU = Release|Any CPU
	EndGlobalSection
	GlobalSection(ProjectConfigurationPlatforms) = postSolution
		{67716687-EB93-4D2E-B2A8-80A6F2EFCEF1}.Debug|Any CPU.ActiveCfg = Debug|Any CPU
		{67716687-EB93-4D2E-B2A8-80A6F2EFCEF1}.Debug|Any CPU.Build.0 = Debug|Any CPU
		{67716687-EB93-4D2E-B2A8-80A6F2EFCEF1}.Release|Any CPU.ActiveCfg = Release|Any CPU
		{67716687-EB93-4D2E-B2A8-80A6F2EFCEF1}.Release|Any CPU.Build.0 = Release|Any CPU
	EndGlobalSection
	GlobalSection(SolutionProperties) = preSolution
		HideSolutionNode = FALSE
	EndGlobalSection
	GlobalSection(ExtensibilityGlobals) = postSolution
		SolutionGuid = {27EB5593-E72E-4375-B210-C0A691E99195}
	EndGlobalSection
EndGlobal
